
Microsoft Visual Studio Solution File, Format Version 12.00
# Visual Studio Version 16
VisualStudioVersion = 16.0.29905.134
MinimumVisualStudioVersion = 10.0.40219.1
Project("{FAE04EC0-301F-11D3-BF4B-00C04F79EFBC}") = "ResourceReplacer", "ResourceReplacer\ResourceReplacer.csproj", "{DC6371D5-8630-4EBE-826B-808940B06D9A}"
EndProject
Global
	GlobalSection(SolutionConfigurationPlatforms) = preSolution
		Debug|Any CPU = Debug|Any CPU
		Release|Any CPU = Release|Any CPU
	EndGlobalSection
	GlobalSection(ProjectConfigurationPlatforms) = postSolution
		{DC6371D5-8630-4EBE-826B-808940B06D9A}.Debug|Any CPU.ActiveCfg = Debug|Any CPU
		{DC6371D5-8630-4EBE-826B-808940B06D9A}.Debug|Any CPU.Build.0 = Debug|Any CPU
		{DC6371D5-8630-4EBE-826B-808940B06D9A}.Release|Any CPU.ActiveCfg = Release|Any CPU
		{DC6371D5-8630-4EBE-826B-808940B06D9A}.Release|Any CPU.Build.0 = Release|Any CPU
	EndGlobalSection
	GlobalSection(SolutionProperties) = preSolution
		HideSolutionNode = FALSE
	EndGlobalSection
	GlobalSection(ExtensibilityGlobals) = postSolution
		SolutionGuid = {E1FB8D88-97E4-4C53-B256-8782DD9B1A9F}
	EndGlobalSection
EndGlobal
